{
  "name": "lighthouse",
  "version": "1.0.0",
  "lockfileVersion": 3,
  "requires": true,
  "packages": {
    "": {
      "name": "lighthouse",
      "version": "1.0.0",
      "license": "MIT",
      "dependencies": {
        "bullseye": "git+ssh://git@github.com:cangjie-champagne/bullseye#master",
        "calendar": "git+ssh://git@github.com:cangjie-champagne/calendar#master",
        "camping": "git+ssh://git@github.com:cangjie-champagne/camping#master",
        "christmas-tree": "git+ssh://git@github.com:cangjie-champagne/christmas-tree#master",
        "commander": "^11.0.0",
        "compass": "git+ssh://git@github.com:cangjie-champagne/compass#master",
        "eagle": "git+ssh://git@github.com:cangjie-champagne/eagle#master",
        "fire-extinguisher": "git+ssh://git@github.com:cangjie-champagne/fire-extinguisher#master",
        "flashlight": "git+ssh://git@github.com:cangjie-champagne/flashlight#master",
        "gas-station": "git+ssh://git@github.com:cangjie-champagne/gas-station#master",
        "guitar": "git+ssh://git@github.com:cangjie-champagne/guitar#master",
        "joystick": "git+ssh://git@github.com:cangjie-champagne/joystick#master",
        "magnet": "git+ssh://git@github.com:cangjie-champagne/magnet#master",
        "pepper-spray": "git+ssh://git@github.com:cangjie-champagne/pepper-spray#master",
        "placard": "git+ssh://git@github.com:cangjie-champagne/placard#master",
        "snowflake": "git+ssh://git@github.com:cangjie-champagne/snowflake#master",
        "sunflower": "git+ssh://git@github.com:cangjie-champagne/sunflower#master",
        "sunglasses": "git+ssh://git@github.com:cangjie-champagne/sunglasses#master",
        "taxi-cab": "git+ssh://git@github.com:cangjie-champagne/taxi-cab#master",
        "telephone": "git+ssh://git@github.com:cangjie-champagne/telephone#master",
        "tennis": "git+ssh://git@github.com:cangjie-champagne/tennis#master",
        "tent": "git+ssh://git@github.com:cangjie-champagne/tent#master",
        "toolbox": "git+ssh://git@github.com:cangjie-champagne/toolbox#master",
        "trash-can": "git+ssh://git@github.com:cangjie-champagne/trash-can#master",
        "umbrella": "git+ssh://git@github.com:cangjie-champagne/umbrella#master",
        "watch": "git+ssh://git@github.com:cangjie-champagne/watch#master"
      }
    },
    "node_modules/bullseye": {
      "version": "1.0.0",
      "resolved": "git+ssh://git@github.com/cangjie-champagne/bullseye.git",
      "integrity": "sha512-cfS/z/Wje1iuSShDVMbr3ZqKuaMlyLu37sbJi7nMflzXZsRbBmyMt+0AFPHTlOfmKVWVgE8nKdOydR6xrs0/rw==",
      "license": "MIT",
      "dependencies": {
        "commander": "^11.0.0",
        "telephone-booth": "git+ssh://git@github.com:cangjie-champagne/telephone-booth#master"
      }
    },
    "node_modules/calendar": {
      "version": "1.0.0",
      "resolved": "git+ssh://git@github.com/cangjie-champagne/calendar.git#47b850849e57527b08bd5bb2551fee8d0ca31f56",
      "license": "MIT",
      "dependencies": {
        "commander": "^11.0.0",
        "telephone-booth": "git+ssh://git@github.com:cangjie-champagne/telephone-booth#master"
      }
    },
    "node_modules/camping": {
      "version": "1.0.0",
      "resolved": "git+ssh://git@github.com/cangjie-champagne/camping.git",
      "integrity": "sha512-r/UByNdlMnFlXcVvO/9C7XQ2/kGuHoH7XjnJ8pRiXqBF18bG7j1u1gtHiXXWrqdYGVjvZuhmrqoWYstozVL0Wg==",
      "license": "MIT",
      "dependencies": {
        "commander": "^11.0.0",
        "telephone-booth": "git+ssh://git@github.com:cangjie-champagne/telephone-booth#master"
      }
    },
    "node_modules/christmas-tree": {
      "version": "1.0.0",
      "resolved": "git+ssh://git@github.com/cangjie-champagne/christmas-tree.git#ed47b6840afdd7a25beadb3d09ec63b65e28abed",
      "license": "MIT",
      "dependencies": {
        "commander": "^11.0.0",
        "telephone-booth": "git+ssh://git@github.com:cangjie-champagne/telephone-booth#master"
      }
    },
    "node_modules/commander": {
      "version": "11.0.0",
      "resolved": "https://registry.npmjs.org/commander/-/commander-11.0.0.tgz",
      "integrity": "sha512-9HMlXtt/BNoYr8ooyjjNRdIilOTkVJXB+GhxMTtOKwk0R4j4lS4NpjuqmRxroBfnfTSHQIHQB7wryHhXarNjmQ==",
      "engines": {
        "node": ">=16"
      }
    },
    "node_modules/compass": {
      "version": "1.0.0",
      "resolved": "git+ssh://git@github.com/cangjie-champagne/compass.git",
      "integrity": "sha512-yJLtcZEJMPKFW0pwD4qlIWi0DIvtqD0NOyIQWOpLkrhylPT+7ztCUpdqr5HnvIt5XueoSDrQClJHPgoMAKGJeQ==",
      "license": "MIT",
      "dependencies": {
        "commander": "^11.0.0",
        "telephone-booth": "git+ssh://git@github.com:cangjie-champagne/telephone-booth#master"
      }
    },
    "node_modules/eagle": {
      "version": "1.0.0",
      "resolved": "git+ssh://git@github.com/cangjie-champagne/eagle.git",
      "integrity": "sha512-CVClRHf2bq3rwm8E20IuMVOyJC3h1ke4Q84cKDN95uV/2CC9w4V7DKMLO6Q+8nLTm5OySvND1uTZ28kOMwvwmg==",
      "license": "MIT",
      "dependencies": {
        "commander": "^11.0.0",
        "telephone-booth": "git+ssh://git@github.com:cangjie-champagne/telephone-booth#master"
      }
    },
    "node_modules/fire-extinguisher": {
      "version": "1.0.0",
      "resolved": "git+ssh://git@github.com/cangjie-champagne/fire-extinguisher.git",
      "integrity": "sha512-Yoc+9KRM2K86prVa3rEF9Lg5bAWpk1iVH3xa7HDG2aAf3vP3dfUh4FO9RwZ8Mio5nUip/DF9EXxB+ZIqzHQ1Tw==",
      "license": "MIT",
      "dependencies": {
        "commander": "^11.0.0",
        "telephone-booth": "git+ssh://git@github.com:cangjie-champagne/telephone-booth#master"
      }
    },
    "node_modules/flashlight": {
      "version": "1.0.0",
      "resolved": "git+ssh://git@github.com/cangjie-champagne/flashlight.git",
      "integrity": "sha512-8oWWkvSJzG96qzOF/jlXodtlsCQCO7ppdDxulewLnRN+9jnkkNBnxbNDpich+zdFBwUH0NgZO5xjZCJZJLHZfA==",
      "license": "MIT",
      "dependencies": {
        "commander": "^11.0.0",
        "telephone-booth": "git+ssh://git@github.com:cangjie-champagne/telephone-booth#master"
      }
    },
    "node_modules/gas-station": {
      "version": "1.0.0",
      "resolved": "git+ssh://git@github.com/cangjie-champagne/gas-station.git",
      "integrity": "sha512-YQS/+lJo+RIQ0H27c4QfnBw3Qk0F0t2DelOdj7JgepXx0V2xF5uROMOqB4b1/UNJNmFqeqcknxjOvBnCbfbpYQ==",
      "license": "MIT",
      "dependencies": {
        "commander": "^11.0.0",
        "telephone-booth": "git+ssh://git@github.com:cangjie-champagne/telephone-booth#master"
      }
    },
    "node_modules/guitar": {
      "version": "1.0.0",
      "resolved": "git+ssh://git@github.com/cangjie-champagne/guitar.git#972577fef526c47a99eff827f276ea5301e29d1b",
      "license": "MIT",
      "dependencies": {
        "commander": "^11.0.0",
        "telephone-booth": "git+ssh://git@github.com:cangjie-champagne/telephone-booth#master"
      }
    },
    "node_modules/joystick": {
      "name": "taxi-cab",
      "version": "1.0.0",
      "resolved": "git+ssh://git@github.com/cangjie-champagne/joystick.git",
      "integrity": "sha512-YxfbOF/O984B8Wew0848+pQMpNsYNnjt5pMGg5JBHEUy49LgvpC8iLhQezhnk6vldVlwiu7YE3aR+CcjvQ42gw==",
      "license": "MIT",
      "dependencies": {
        "commander": "^11.0.0",
        "telephone-booth": "git+ssh://git@github.com:cangjie-champagne/telephone-booth#master"
      }
    },
    "node_modules/magnet": {
      "version": "1.0.0",
      "resolved": "git+ssh://git@github.com/cangjie-champagne/magnet.git",
      "integrity": "sha512-iICS6IyStWrXTruVQjtpugE+0irwPLrfI7gFvwIoOuXOoxqjWWQoTsgdyBnGB8bmtvz8Q89KCQKF3oediXg6xw==",
      "license": "MIT",
      "dependencies": {
        "commander": "^11.0.0",
        "telephone-booth": "git+ssh://git@github.com:cangjie-champagne/telephone-booth#master"
      }
    },
    "node_modules/pepper-spray": {
      "version": "1.0.0",
      "resolved": "git+ssh://git@github.com/cangjie-champagne/pepper-spray.git",
      "integrity": "sha512-Ghm8tq+kzgaqurSp39EHiELGzsxZvbbQTLIMGbdeBotvYEMA3xa5owSEZEBKnaPRq10m+pCbVzOpKY5O2akcJQ==",
      "license": "MIT",
      "dependencies": {
        "commander": "^11.0.0",
        "telephone-booth": "git+ssh://git@github.com:cangjie-champagne/telephone-booth#master"
      }
    },
    "node_modules/placard": {
      "name": "eagle",
      "version": "1.0.0",
      "resolved": "git+ssh://git@github.com/cangjie-champagne/placard.git",
      "integrity": "sha512-7RCPt+GaVlB1x9swg/hW18RQG8QShIJQQTgxnSQ/4oLCRI8hWUc+1A5h5janBLCN6wAmPtt0rg+E2oRpsEtstA==",
      "license": "MIT",
      "dependencies": {
        "commander": "^11.0.0",
        "telephone-booth": "git+ssh://git@github.com:cangjie-champagne/telephone-booth#master"
      }
    },
    "node_modules/snowflake": {
      "version": "1.0.0",
      "resolved": "git+ssh://git@github.com/cangjie-champagne/snowflake.git",
      "integrity": "sha512-QmP8QBdvnkq2Vx5vz/595vQgcD3rE7+V9G6xioOSWKnmVh9Hl5hp9Tr97tu/25HDUpvOH2H60z04Q0HkeTJeiw==",
      "license": "MIT",
      "dependencies": {
        "commander": "^11.0.0",
        "telephone-booth": "git+ssh://git@github.com:cangjie-champagne/telephone-booth#master"
      }
    },
    "node_modules/sunflower": {
      "version": "1.0.0",
      "resolved": "git+ssh://git@github.com/cangjie-champagne/sunflower.git",
      "integrity": "sha512-hX8i2NXR5lytrEr0GTx6ZYHXxALZJ/vVW6MoOTsm7aRrz7/8fU2b1PLfmUYkBRwzgf1nXklnDO4z1kEmXSXmBg==",
      "license": "MIT",
      "dependencies": {
        "commander": "^11.0.0",
        "telephone-booth": "git+ssh://git@github.com:cangjie-champagne/telephone-booth#master"
      }
    },
    "node_modules/sunglasses": {
      "name": "sunflower",
      "version": "1.0.0",
      "resolved": "git+ssh://git@github.com/cangjie-champagne/sunglasses.git#666a9de099ae6d6565392f596148f70a2c576051",
      "license": "MIT",
      "dependencies": {
        "commander": "^11.0.0",
        "telephone-booth": "git+ssh://git@github.com:cangjie-champagne/telephone-booth#master"
      }
    },
    "node_modules/taxi-cab": {
      "version": "1.0.0",
      "resolved": "git+ssh://git@github.com/cangjie-champagne/taxi-cab.git",
      "integrity": "sha512-PBXsugEQ1GKtlH3FTMEh6mpix815vjTinW0e3UMZ44Zrmy+n9zjN1kwbMw4kvgKrc8ZF5XvtlEDRRMi0XJ2HHA==",
      "license": "MIT",
      "dependencies": {
        "commander": "^11.0.0",
        "telephone-booth": "git+ssh://git@github.com:cangjie-champagne/telephone-booth#master"
      }
    },
    "node_modules/telephone": {
      "version": "1.0.0",
      "resolved": "git+ssh://git@github.com/cangjie-champagne/telephone.git",
      "integrity": "sha512-1o/n/MFsFfTYKo0o5JW7d5xe0sm9+HMeANIP0MD7x1HR4hp6CUa/48f61wZlyCAN9kGPfv2ZU3Lkc56ZQgU28w==",
      "license": "MIT",
      "dependencies": {
        "commander": "^11.0.0",
        "telephone-booth": "git+ssh://git@github.com:cangjie-champagne/telephone-booth#master"
      }
    },
    "node_modules/telephone-booth": {
      "version": "1.0.0",
      "resolved": "git+ssh://git@github.com/cangjie-champagne/telephone-booth.git",
      "integrity": "sha512-YuH4Cs73HYgSt2/g4ZQynZBnqnCo0gG7Bz0wnfvItXttcQ0vlHyPmNYbva7AMMDMkbFzxX8mqmmKZjCpYJd7Rg==",
      "license": "MIT"
    },
    "node_modules/tennis": {
      "version": "1.0.0",
      "resolved": "git+ssh://git@github.com/cangjie-champagne/tennis.git",
      "integrity": "sha512-Lizo0865Dpq+0eQwP/M1kCtaoSAqJfFnhkuAyxONl82CQJia2wdBysmx4zjoaUlRcqF8cVEnC9Leiha5BywRbQ==",
      "license": "MIT",
      "dependencies": {
        "commander": "^11.0.0",
        "telephone-booth": "git+ssh://git@github.com:cangjie-champagne/telephone-booth#master"
      }
    },
    "node_modules/tent": {
      "name": "bullseye",
      "version": "1.0.0",
      "resolved": "git+ssh://git@github.com/cangjie-champagne/tent.git",
      "integrity": "sha512-4O6L6mReWghx6awsPNoNFh60aLdo5V4oHXTo7uNrwgXzfEyY//dreKxkUn4C1bGsY9xQCYEUawOmcNZXL/SxWA==",
      "license": "MIT",
      "dependencies": {
        "commander": "^11.0.0",
        "telephone-booth": "git+ssh://git@github.com:cangjie-champagne/telephone-booth#master"
      }
    },
    "node_modules/toolbox": {
      "version": "1.0.0",
      "resolved": "git+ssh://git@github.com/cangjie-champagne/toolbox.git#1e7e9fe2fab7ede99f77c4492c067043bb3d4110",
      "license": "MIT",
      "dependencies": {
        "commander": "^11.0.0",
        "telephone-booth": "git+ssh://git@github.com:cangjie-champagne/telephone-booth#master"
      }
    },
    "node_modules/trash-can": {
      "version": "1.0.0",
      "resolved": "git+ssh://git@github.com/cangjie-champagne/trash-can.git",
      "integrity": "sha512-t/kgsx2yz7JFy1D/Op0YCXxb5dWUjzyyB4Loagzd/Bi6UE9YVVMFM4rip2iEIk/AyyKn8xz8/VxGkLvcW98Yyw==",
      "license": "MIT",
      "dependencies": {
        "commander": "^11.0.0",
        "telephone-booth": "git+ssh://git@github.com:cangjie-champagne/telephone-booth#master"
      }
    },
    "node_modules/umbrella": {
      "version": "1.0.0",
      "resolved": "git+ssh://git@github.com/cangjie-champagne/umbrella.git",
      "integrity": "sha512-qVPuWnYju6tmxsA2RiB2bvOGTmwWhR5SF3PYMkBmU1I15fOQ83DVtaPuvwCYUgaeg5b3SIY6XOA5ppXgeTt4fg==",
      "license": "MIT",
      "dependencies": {
        "commander": "^11.0.0",
        "telephone-booth": "git+ssh://git@github.com:cangjie-champagne/telephone-booth#master"
      }
    },
    "node_modules/watch": {
      "version": "1.0.0",
      "resolved": "git+ssh://git@github.com/cangjie-champagne/watch.git",
      "integrity": "sha512-MPFWrJo1OnKf/DjTcCTEHgMNSA0IGylwUraulqDklZQ2oSsBONaDDoyjGrYiLFxNE25Au0NOTBVXrBwCafXshg==",
      "license": "MIT",
      "dependencies": {
        "commander": "^11.0.0",
        "telephone-booth": "git+ssh://git@github.com:cangjie-champagne/telephone-booth#master"
      }
    }
  }
}
