# THIS IS AN AUTOGENERATED FILE. DO NOT EDIT THIS FILE DIRECTLY.
# yarn lockfile v1


"bullseye@git+ssh://git@github.com:cangjie-champagne/bullseye#master":
  version "1.0.0"
  resolved "git+ssh://git@github.com/cangjie-champagne/bullseye.git"
  integrity sha512-cfS/z/Wje1iuSShDVMbr3ZqKuaMlyLu37sbJi7nMflzXZsRbBmyMt+0AFPHTlOfmKVWVgE8nKdOydR6xrs0/rw==
  dependencies:
    commander "^11.0.0"
    telephone-booth "git+ssh://git@github.com:cangjie-champagne/telephone-booth#master"

"calendar@git+ssh://git@github.com:cangjie-champagne/calendar#master":
  version "1.0.0"
  resolved "git+ssh://git@github.com/cangjie-champagne/calendar.git#47b850849e57527b08bd5bb2551fee8d0ca31f56"
  dependencies:
    commander "^11.0.0"
    telephone-booth "git+ssh://git@github.com:cangjie-champagne/telephone-booth#master"

"camping@git+ssh://git@github.com:cangjie-champagne/camping#master":
  version "1.0.0"
  resolved "git+ssh://git@github.com/cangjie-champagne/camping.git"
  integrity sha512-r/UByNdlMnFlXcVvO/9C7XQ2/kGuHoH7XjnJ8pRiXqBF18bG7j1u1gtHiXXWrqdYGVjvZuhmrqoWYstozVL0Wg==
  dependencies:
    commander "^11.0.0"
    telephone-booth "git+ssh://git@github.com:cangjie-champagne/telephone-booth#master"

"christmas-tree@git+ssh://git@github.com:cangjie-champagne/christmas-tree#master":
  version "1.0.0"
  resolved "git+ssh://git@github.com/cangjie-champagne/christmas-tree.git#ed47b6840afdd7a25beadb3d09ec63b65e28abed"
  dependencies:
    commander "^11.0.0"
    telephone-booth "git+ssh://git@github.com:cangjie-champagne/telephone-booth#master"

commander@^11.0.0:
  version "11.0.0"
  resolved "https://registry.npmjs.org/commander/-/commander-11.0.0.tgz"
  integrity sha512-9HMlXtt/BNoYr8ooyjjNRdIilOTkVJXB+GhxMTtOKwk0R4j4lS4NpjuqmRxroBfnfTSHQIHQB7wryHhXarNjmQ==

"compass@git+ssh://git@github.com:cangjie-champagne/compass#master":
  version "1.0.0"
  resolved "git+ssh://git@github.com/cangjie-champagne/compass.git"
  integrity sha512-yJLtcZEJMPKFW0pwD4qlIWi0DIvtqD0NOyIQWOpLkrhylPT+7ztCUpdqr5HnvIt5XueoSDrQClJHPgoMAKGJeQ==
  dependencies:
    commander "^11.0.0"
    telephone-booth "git+ssh://git@github.com:cangjie-champagne/telephone-booth#master"

"eagle@git+ssh://git@github.com:cangjie-champagne/eagle#master":
  version "1.0.0"
  resolved "git+ssh://git@github.com/cangjie-champagne/eagle.git"
  integrity sha512-CVClRHf2bq3rwm8E20IuMVOyJC3h1ke4Q84cKDN95uV/2CC9w4V7DKMLO6Q+8nLTm5OySvND1uTZ28kOMwvwmg==
  dependencies:
    commander "^11.0.0"
    telephone-booth "git+ssh://git@github.com:cangjie-champagne/telephone-booth#master"

"fire-extinguisher@git+ssh://git@github.com:cangjie-champagne/fire-extinguisher#master":
  version "1.0.0"
  resolved "git+ssh://git@github.com/cangjie-champagne/fire-extinguisher.git"
  integrity sha512-Yoc+9KRM2K86prVa3rEF9Lg5bAWpk1iVH3xa7HDG2aAf3vP3dfUh4FO9RwZ8Mio5nUip/DF9EXxB+ZIqzHQ1Tw==
  dependencies:
    commander "^11.0.0"
    telephone-booth "git+ssh://git@github.com:cangjie-champagne/telephone-booth#master"

"flashlight@git+ssh://git@github.com:cangjie-champagne/flashlight#master":
  version "1.0.0"
  resolved "git+ssh://git@github.com/cangjie-champagne/flashlight.git"
  integrity sha512-8oWWkvSJzG96qzOF/jlXodtlsCQCO7ppdDxulewLnRN+9jnkkNBnxbNDpich+zdFBwUH0NgZO5xjZCJZJLHZfA==
  dependencies:
    commander "^11.0.0"
    telephone-booth "git+ssh://git@github.com:cangjie-champagne/telephone-booth#master"

"gas-station@git+ssh://git@github.com:cangjie-champagne/gas-station#master":
  version "1.0.0"
  resolved "git+ssh://git@github.com/cangjie-champagne/gas-station.git"
  integrity sha512-YQS/+lJo+RIQ0H27c4QfnBw3Qk0F0t2DelOdj7JgepXx0V2xF5uROMOqB4b1/UNJNmFqeqcknxjOvBnCbfbpYQ==
  dependencies:
    commander "^11.0.0"
    telephone-booth "git+ssh://git@github.com:cangjie-champagne/telephone-booth#master"

"guitar@git+ssh://git@github.com:cangjie-champagne/guitar#master":
  version "1.0.0"
  resolved "git+ssh://git@github.com/cangjie-champagne/guitar.git#972577fef526c47a99eff827f276ea5301e29d1b"
  dependencies:
    commander "^11.0.0"
    telephone-booth "git+ssh://git@github.com:cangjie-champagne/telephone-booth#master"

"joystick@git+ssh://git@github.com:cangjie-champagne/joystick#master":
  version "1.0.0"
  resolved "git+ssh://git@github.com/cangjie-champagne/joystick.git"
  integrity sha512-YxfbOF/O984B8Wew0848+pQMpNsYNnjt5pMGg5JBHEUy49LgvpC8iLhQezhnk6vldVlwiu7YE3aR+CcjvQ42gw==
  dependencies:
    commander "^11.0.0"
    telephone-booth "git+ssh://git@github.com:cangjie-champagne/telephone-booth#master"

"magnet@git+ssh://git@github.com:cangjie-champagne/magnet#master":
  version "1.0.0"
  resolved "git+ssh://git@github.com/cangjie-champagne/magnet.git"
  integrity sha512-iICS6IyStWrXTruVQjtpugE+0irwPLrfI7gFvwIoOuXOoxqjWWQoTsgdyBnGB8bmtvz8Q89KCQKF3oediXg6xw==
  dependencies:
    commander "^11.0.0"
    telephone-booth "git+ssh://git@github.com:cangjie-champagne/telephone-booth#master"

"pepper-spray@git+ssh://git@github.com:cangjie-champagne/pepper-spray#master":
  version "1.0.0"
  resolved "git+ssh://git@github.com/cangjie-champagne/pepper-spray.git"
  integrity sha512-Ghm8tq+kzgaqurSp39EHiELGzsxZvbbQTLIMGbdeBotvYEMA3xa5owSEZEBKnaPRq10m+pCbVzOpKY5O2akcJQ==
  dependencies:
    commander "^11.0.0"
    telephone-booth "git+ssh://git@github.com:cangjie-champagne/telephone-booth#master"

"placard@git+ssh://git@github.com:cangjie-champagne/placard#master":
  version "1.0.0"
  resolved "git+ssh://git@github.com/cangjie-champagne/placard.git"
  integrity sha512-7RCPt+GaVlB1x9swg/hW18RQG8QShIJQQTgxnSQ/4oLCRI8hWUc+1A5h5janBLCN6wAmPtt0rg+E2oRpsEtstA==
  dependencies:
    commander "^11.0.0"
    telephone-booth "git+ssh://git@github.com:cangjie-champagne/telephone-booth#master"

"snowflake@git+ssh://git@github.com:cangjie-champagne/snowflake#master":
  version "1.0.0"
  resolved "git+ssh://git@github.com/cangjie-champagne/snowflake.git"
  integrity sha512-QmP8QBdvnkq2Vx5vz/595vQgcD3rE7+V9G6xioOSWKnmVh9Hl5hp9Tr97tu/25HDUpvOH2H60z04Q0HkeTJeiw==
  dependencies:
    commander "^11.0.0"
    telephone-booth "git+ssh://git@github.com:cangjie-champagne/telephone-booth#master"

"sunflower@git+ssh://git@github.com:cangjie-champagne/sunflower#master":
  version "1.0.0"
  resolved "git+ssh://git@github.com/cangjie-champagne/sunflower.git"
  integrity sha512-hX8i2NXR5lytrEr0GTx6ZYHXxALZJ/vVW6MoOTsm7aRrz7/8fU2b1PLfmUYkBRwzgf1nXklnDO4z1kEmXSXmBg==
  dependencies:
    commander "^11.0.0"
    telephone-booth "git+ssh://git@github.com:cangjie-champagne/telephone-booth#master"

"sunglasses@git+ssh://git@github.com:cangjie-champagne/sunglasses#master":
  version "1.0.0"
  resolved "git+ssh://git@github.com/cangjie-champagne/sunglasses.git#666a9de099ae6d6565392f596148f70a2c576051"
  dependencies:
    commander "^11.0.0"
    telephone-booth "git+ssh://git@github.com:cangjie-champagne/telephone-booth#master"

"taxi-cab@git+ssh://git@github.com:cangjie-champagne/taxi-cab#master":
  version "1.0.0"
  resolved "git+ssh://git@github.com/cangjie-champagne/taxi-cab.git"
  integrity sha512-PBXsugEQ1GKtlH3FTMEh6mpix815vjTinW0e3UMZ44Zrmy+n9zjN1kwbMw4kvgKrc8ZF5XvtlEDRRMi0XJ2HHA==
  dependencies:
    commander "^11.0.0"
    telephone-booth "git+ssh://git@github.com:cangjie-champagne/telephone-booth#master"

"telephone-booth@git+ssh://git@github.com:cangjie-champagne/telephone-booth#master":
  version "1.0.0"
  resolved "git+ssh://git@github.com/cangjie-champagne/telephone-booth.git"
  integrity sha512-YuH4Cs73HYgSt2/g4ZQynZBnqnCo0gG7Bz0wnfvItXttcQ0vlHyPmNYbva7AMMDMkbFzxX8mqmmKZjCpYJd7Rg==

"telephone@git+ssh://git@github.com:cangjie-champagne/telephone#master":
  version "1.0.0"
  resolved "git+ssh://git@github.com/cangjie-champagne/telephone.git"
  integrity sha512-1o/n/MFsFfTYKo0o5JW7d5xe0sm9+HMeANIP0MD7x1HR4hp6CUa/48f61wZlyCAN9kGPfv2ZU3Lkc56ZQgU28w==
  dependencies:
    commander "^11.0.0"
    telephone-booth "git+ssh://git@github.com:cangjie-champagne/telephone-booth#master"

"tennis@git+ssh://git@github.com:cangjie-champagne/tennis#master":
  version "1.0.0"
  resolved "git+ssh://git@github.com/cangjie-champagne/tennis.git"
  integrity sha512-Lizo0865Dpq+0eQwP/M1kCtaoSAqJfFnhkuAyxONl82CQJia2wdBysmx4zjoaUlRcqF8cVEnC9Leiha5BywRbQ==
  dependencies:
    commander "^11.0.0"
    telephone-booth "git+ssh://git@github.com:cangjie-champagne/telephone-booth#master"

"tent@git+ssh://git@github.com:cangjie-champagne/tent#master":
  version "1.0.0"
  resolved "git+ssh://git@github.com/cangjie-champagne/tent.git"
  integrity sha512-4O6L6mReWghx6awsPNoNFh60aLdo5V4oHXTo7uNrwgXzfEyY//dreKxkUn4C1bGsY9xQCYEUawOmcNZXL/SxWA==
  dependencies:
    commander "^11.0.0"
    telephone-booth "git+ssh://git@github.com:cangjie-champagne/telephone-booth#master"

"toolbox@git+ssh://git@github.com:cangjie-champagne/toolbox#master":
  version "1.0.0"
  resolved "git+ssh://git@github.com/cangjie-champagne/toolbox.git#1e7e9fe2fab7ede99f77c4492c067043bb3d4110"
  dependencies:
    commander "^11.0.0"
    telephone-booth "git+ssh://git@github.com:cangjie-champagne/telephone-booth#master"

"trash-can@git+ssh://git@github.com:cangjie-champagne/trash-can#master":
  version "1.0.0"
  resolved "git+ssh://git@github.com/cangjie-champagne/trash-can.git"
  integrity sha512-t/kgsx2yz7JFy1D/Op0YCXxb5dWUjzyyB4Loagzd/Bi6UE9YVVMFM4rip2iEIk/AyyKn8xz8/VxGkLvcW98Yyw==
  dependencies:
    commander "^11.0.0"
    telephone-booth "git+ssh://git@github.com:cangjie-champagne/telephone-booth#master"

"umbrella@git+ssh://git@github.com:cangjie-champagne/umbrella#master":
  version "1.0.0"
  resolved "git+ssh://git@github.com/cangjie-champagne/umbrella.git"
  integrity sha512-qVPuWnYju6tmxsA2RiB2bvOGTmwWhR5SF3PYMkBmU1I15fOQ83DVtaPuvwCYUgaeg5b3SIY6XOA5ppXgeTt4fg==
  dependencies:
    commander "^11.0.0"
    telephone-booth "git+ssh://git@github.com:cangjie-champagne/telephone-booth#master"

"watch@git+ssh://git@github.com:cangjie-champagne/watch#master":
  version "1.0.0"
  resolved "git+ssh://git@github.com/cangjie-champagne/watch.git"
  integrity sha512-MPFWrJo1OnKf/DjTcCTEHgMNSA0IGylwUraulqDklZQ2oSsBONaDDoyjGrYiLFxNE25Au0NOTBVXrBwCafXshg==
  dependencies:
    commander "^11.0.0"
    telephone-booth "git+ssh://git@github.com:cangjie-champagne/telephone-booth#master"
